
Microsoft Visual Studio Solution File, Format Version 12.00
# Visual Studio 15
VisualStudioVersion = 15.0.27130.2027
MinimumVisualStudioVersion = 10.0.40219.1
Project("{8BC9CEB8-8B4A-11D0-8D11-00A0C91BC942}") = "Project DV1490", "Project DV1490\Project DV1490.vcxproj", "{B5C5867D-B0F3-4908-A92C-AE1FBEF01970}"
EndProject
Global
	GlobalSection(SolutionConfigurationPlatforms) = preSolutionl
		Debug|x64 = Debug|x64
		Debug|x86 = Debug|x86
		Release|x64 = Release|x64
		Release|x86 = Release|x86
	EndGlobalSection
	GlobalSection(ProjectConfigurationPlatforms) = postSolution
		{B5C5867D-B0F3-4908-A92C-AE1FBEF01970}.Debug|x64.ActiveCfg = Debug|x64
		{B5C5867D-B0F3-4908-A92C-AE1FBEF01970}.Debug|x64.Build.0 = Debug|x64
		{B5C5867D-B0F3-4908-A92C-AE1FBEF01970}.Debug|x86.ActiveCfg = Debug|Win32
		{B5C5867D-B0F3-4908-A92C-AE1FBEF01970}.Debug|x86.Build.0 = Debug|Win32
		{B5C5867D-B0F3-4908-A92C-AE1FBEF01970}.Release|x64.ActiveCfg = Release|x64
		{B5C5867D-B0F3-4908-A92C-AE1FBEF01970}.Release|x64.Build.0 = Release|x64
		{B5C5867D-B0F3-4908-A92C-AE1FBEF01970}.Release|x86.ActiveCfg = Release|Win32
		{B5C5867D-B0F3-4908-A92C-AE1FBEF01970}.Release|x86.Build.0 = Release|Win32
	EndGlobalSection
	GlobalSection(SolutionProperties) = preSolution
		HideSolutionNode = FALSE
	EndGlobalSection
	GlobalSection(ExtensibilityGlobals) = postSolution
		SolutionGuid = {697F000D-B730-4DFC-951D-FD71387B08A0}
	EndGlobalSection
EndGlobal
